lockfileVersion: '6.0'

settings:
  autoInstallPeers: true
  excludeLinksFromLockfile: false

dependencies:
  '@hono/zod-validator':
    specifier: ^0.2.2
    version: 0.2.2(hono@4.4.11)(zod@3.23.8)
  hono:
    specifier: ^4.4.11
    version: 4.4.11
  zod:
    specifier: ^3.23.8
    version: 3.23.8

devDependencies:
  '@types/bun':
    specifier: latest
    version: 1.1.6

packages:

  /@hono/zod-validator@0.2.2(hono@4.4.11)(zod@3.23.8):
    resolution: {integrity: sha512-dSDxaPV70Py8wuIU2QNpoVEIOSzSXZ/6/B/h4xA7eOMz7+AarKTSGV8E6QwrdcCbBLkpqfJ4Q2TmBO0eP1tCBQ==}
    peerDependencies:
      hono: '>=3.9.0'
      zod: ^3.19.1
    dependencies:
      hono: 4.4.11
      zod: 3.23.8
    dev: false

  /@types/bun@1.1.6:
    resolution: {integrity: sha512-uJgKjTdX0GkWEHZzQzFsJkWp5+43ZS7HC8sZPFnOwnSo1AsNl2q9o2bFeS23disNDqbggEgyFkKCHl/w8iZsMA==}
    dependencies:
      bun-types: 1.1.17
    dev: true

  /@types/node@20.12.14:
    resolution: {integrity: sha512-scnD59RpYD91xngrQQLGkE+6UrHUPzeKZWhhjBSa3HSkwjbQc38+q3RoIVEwxQGRw3M+j5hpNAM+lgV3cVormg==}
    dependencies:
      undici-types: 5.26.5
    dev: true

  /@types/ws@8.5.10:
    resolution: {integrity: sha512-vmQSUcfalpIq0R9q7uTo2lXs6eGIpt9wtnLdMv9LVpIjCA/+ufZRozlVoVelIYixx1ugCBKDhn89vnsEGOCx9A==}
    dependencies:
      '@types/node': 20.12.14
    dev: true

  /bun-types@1.1.17:
    resolution: {integrity: sha512-Z4+OplcSd/YZq7ZsrfD00DKJeCwuNY96a1IDJyR73+cTBaFIS7SC6LhpY/W3AMEXO9iYq5NJ58WAwnwL1p5vKg==}
    dependencies:
      '@types/node': 20.12.14
      '@types/ws': 8.5.10
    dev: true

  /hono@4.4.11:
    resolution: {integrity: sha512-R5RADpjoRsR3/VsnFovpsYNLPnC1f+FgdfsePk3qIgjb4D41Sg7uW5QCj41kzEOwXCjBg0sVvOZMvUNZ0DKB7g==}
    engines: {node: '>=16.0.0'}
    dev: false

  /undici-types@5.26.5:
    resolution: {integrity: sha512-JlCMO+ehdEIKqlFxk6IfVoAUVmgz7cU7zD/h9XZ0qzeosSHmUJVOzSQvvYSYWXkFXC+IfLKSIffhv0sVZup6pA==}
    dev: true

  /zod@3.23.8:
    resolution: {integrity: sha512-XBx9AXhXktjUqnepgTiE5flcKIYWi/rme0Eaj+5Y0lftuGBq+jyRu/md4WnuxqgP1ubdpNCsYEYPxrzVHD8d6g==}
    dev: false
